
Microsoft Visual Studio Solution File, Format Version 12.00
# Visual Studio Version 17
VisualStudioVersion = 17.7.34221.43
MinimumVisualStudioVersion = 10.0.40219.1
Project("{FAE04EC0-301F-11D3-BF4B-00C04F79EFBC}") = "LIBRARYMANAGEMENTSYSTEM-MITRASO", "LIBRARYMANAGEMENTSYSTEM-MITRASO\LIBRARYMANAGEMENTSYSTEM-MITRASO.csproj", "{4DC6402D-A36D-42FD-A312-8D7837EC086E}"
EndProject
Global
	GlobalSection(SolutionConfigurationPlatforms) = preSolution
		Debug|Any CPU = Debug|Any CPU
		Release|Any CPU = Release|Any CPU
	EndGlobalSection
	GlobalSection(ProjectConfigurationPlatforms) = postSolution
		{4DC6402D-A36D-42FD-A312-8D7837EC086E}.Debug|Any CPU.ActiveCfg = Debug|Any CPU
		{4DC6402D-A36D-42FD-A312-8D7837EC086E}.Debug|Any CPU.Build.0 = Debug|Any CPU
		{4DC6402D-A36D-42FD-A312-8D7837EC086E}.Release|Any CPU.ActiveCfg = Release|Any CPU
		{4DC6402D-A36D-42FD-A312-8D7837EC086E}.Release|Any CPU.Build.0 = Release|Any CPU
	EndGlobalSection
	GlobalSection(SolutionProperties) = preSolution
		HideSolutionNode = FALSE
	EndGlobalSection
	GlobalSection(ExtensibilityGlobals) = postSolution
		SolutionGuid = {57177ADC-D836-42E8-B07D-08542AD78505}
	EndGlobalSection
EndGlobal
